
Microsoft Visual Studio Solution File, Format Version 12.00
Project("{FAE04EC0-301F-11D3-BF4B-00C04F79EFBC}") = "parkalot-reservation-clicker", "src\parkalot-reservation-clicker\parkalot-reservation-clicker.csproj", "{E310D1A8-E043-4CBA-B9A4-9366A2BD9167}"
EndProject
Project("{FAE04EC0-301F-11D3-BF4B-00C04F79EFBC}") = "parkalot-reservation-request", "src\parkalot-reservation-request\parkalot-reservation-request.csproj", "{FCD51D26-7A80-468A-93C4-D743762E22AA}"
EndProject
Global
	GlobalSection(SolutionConfigurationPlatforms) = preSolution
		Debug|Any CPU = Debug|Any CPU
		Release|Any CPU = Release|Any CPU
	EndGlobalSection
	GlobalSection(ProjectConfigurationPlatforms) = postSolution
		{E310D1A8-E043-4CBA-B9A4-9366A2BD9167}.Debug|Any CPU.ActiveCfg = Debug|Any CPU
		{E310D1A8-E043-4CBA-B9A4-9366A2BD9167}.Debug|Any CPU.Build.0 = Debug|Any CPU
		{E310D1A8-E043-4CBA-B9A4-9366A2BD9167}.Release|Any CPU.ActiveCfg = Release|Any CPU
		{E310D1A8-E043-4CBA-B9A4-9366A2BD9167}.Release|Any CPU.Build.0 = Release|Any CPU
		{FCD51D26-7A80-468A-93C4-D743762E22AA}.Debug|Any CPU.ActiveCfg = Debug|Any CPU
		{FCD51D26-7A80-468A-93C4-D743762E22AA}.Debug|Any CPU.Build.0 = Debug|Any CPU
		{FCD51D26-7A80-468A-93C4-D743762E22AA}.Release|Any CPU.ActiveCfg = Release|Any CPU
		{FCD51D26-7A80-468A-93C4-D743762E22AA}.Release|Any CPU.Build.0 = Release|Any CPU
	EndGlobalSection
EndGlobal
